// !$*UTF8*$!
{
	archiveVersion = 1;
	classes = {
	};
	objectVersion = 48;
	objects = {

/* Begin PBXBuildFile section */
		A3AFF2571FE15650005B80C2 /* AppDelegate.m in Sources */ = {isa = PBXBuildFile; fileRef = A3AFF2561FE15650005B80C2 /* AppDelegate.m */; };
		A3AFF25A1FE15650005B80C2 /* SceneKitViewController.m in Sources */ = {isa = PBXBuildFile; fileRef = A3AFF2591FE15650005B80C2 /* SceneKitViewController.m */; };
		A3AFF25F1FE15650005B80C2 /* Assets.xcassets in Resources */ = {isa = PBXBuildFile; fileRef = A3AFF25E1FE15650005B80C2 /* Assets.xcassets */; };
		A3AFF2621FE15650005B80C2 /* LaunchScreen.storyboard in Resources */ = {isa = PBXBuildFile; fileRef = A3AFF2601FE15650005B80C2 /* LaunchScreen.storyboard */; };
		A3AFF2651FE15650005B80C2 /* main.m in Sources */ = {isa = PBXBuildFile; fileRef = A3AFF2641FE15650005B80C2 /* main.m */; };
		A3AFF26D1FE15673005B80C2 /* SceneKit.framework in Frameworks */ = {isa = PBXBuildFile; fileRef = A3AFF26C1FE15673005B80C2 /* SceneKit.framework */; };
		A3B6BFEB1FE21A9500F8DD09 /* resource in Resources */ = {isa = PBXBuildFile; fileRef = A3B6BFEA1FE21A9500F8DD09 /* resource */; };
		A3B6BFFB1FE21F9B00F8DD09 /* GameSCNView.m in Sources */ = {isa = PBXBuildFile; fileRef = A3B6BFFA1FE21F9B00F8DD09 /* GameSCNView.m */; };
		A3B6C0031FE2225A00F8DD09 /* ImageUtil.m in Sources */ = {isa = PBXBuildFile; fileRef = A3B6C0001FE2225A00F8DD09 /* ImageUtil.m */; };
		A3B6C0041FE2225A00F8DD09 /* UIView+Frame.m in Sources */ = {isa = PBXBuildFile; fileRef = A3B6C0021FE2225A00F8DD09 /* UIView+Frame.m */; };
/* End PBXBuildFile section */

/* Begin PBXFileReference section */
		A3AFF2521FE15650005B80C2 /* SceneKitStudy.app */ = {isa = PBXFileReference; explicitFileType = wrapper.application; includeInIndex = 0; path = SceneKitStudy.app; sourceTree = BUILT_PRODUCTS_DIR; };
		A3AFF2551FE15650005B80C2 /* AppDelegate.h */ = {isa = PBXFileReference; lastKnownFileType = sourcecode.c.h; path = AppDelegate.h; sourceTree = "<group>"; };
		A3AFF2561FE15650005B80C2 /* AppDelegate.m */ = {isa = PBXFileReference; lastKnownFileType = sourcecode.c.objc; path = AppDelegate.m; sourceTree = "<group>"; };
		A3AFF2581FE15650005B80C2 /* SceneKitViewController.h */ = {isa = PBXFileReference; lastKnownFileType = sourcecode.c.h; path = SceneKitViewController.h; sourceTree = "<group>"; };
		A3AFF2591FE15650005B80C2 /* SceneKitViewController.m */ = {isa = PBXFileReference; lastKnownFileType = sourcecode.c.objc; path = SceneKitViewController.m; sourceTree = "<group>"; };
		A3AFF25E1FE15650005B80C2 /* Assets.xcassets */ = {isa = PBXFileReference; lastKnownFileType = folder.assetcatalog; path = Assets.xcassets; sourceTree = "<group>"; };
		A3AFF2611FE15650005B80C2 /* Base */ = {isa = PBXFileReference; lastKnownFileType = file.storyboard; name = Base; path = Base.lproj/LaunchScreen.storyboard; sourceTree = "<group>"; };
		A3AFF2631FE15650005B80C2 /* Info.plist */ = {isa = PBXFileReference; lastKnownFileType = text.plist.xml; path = Info.plist; sourceTree = "<group>"; };
		A3AFF2641FE15650005B80C2 /* main.m */ = {isa = PBXFileReference; lastKnownFileType = sourcecode.c.objc; path = main.m; sourceTree = "<group>"; };
		A3AFF26C1FE15673005B80C2 /* SceneKit.framework */ = {isa = PBXFileReference; lastKnownFileType = wrapper.framework; name = SceneKit.framework; path = System/Library/Frameworks/SceneKit.framework; sourceTree = SDKROOT; };
		A3B6BFEA1FE21A9500F8DD09 /* resource */ = {isa = PBXFileReference; lastKnownFileType = folder; name = resource; path = SceneKitStudy/resource; sourceTree = "<group>"; };
		A3B6BFF91FE21F9B00F8DD09 /* GameSCNView.h */ = {isa = PBXFileReference; lastKnownFileType = sourcecode.c.h; path = GameSCNView.h; sourceTree = "<group>"; };
		A3B6BFFA1FE21F9B00F8DD09 /* GameSCNView.m */ = {isa = PBXFileReference; lastKnownFileType = sourcecode.c.objc; path = GameSCNView.m; sourceTree = "<group>"; };
		A3B6BFFD1FE2208000F8DD09 /* GameHeader.h */ = {isa = PBXFileReference; fileEncoding = 4; lastKnownFileType = sourcecode.c.h; path = GameHeader.h; sourceTree = "<group>"; };
		A3B6BFFF1FE2225A00F8DD09 /* ImageUtil.h */ = {isa = PBXFileReference; fileEncoding = 4; lastKnownFileType = sourcecode.c.h; path = ImageUtil.h; sourceTree = "<group>"; };
		A3B6C0001FE2225A00F8DD09 /* ImageUtil.m */ = {isa = PBXFileReference; fileEncoding = 4; lastKnownFileType = sourcecode.c.objc; path = ImageUtil.m; sourceTree = "<group>"; };
		A3B6C0011FE2225A00F8DD09 /* UIView+Frame.h */ = {isa = PBXFileReference; fileEncoding = 4; lastKnownFileType = sourcecode.c.h; path = "UIView+Frame.h"; sourceTree = "<group>"; };
		A3B6C0021FE2225A00F8DD09 /* UIView+Frame.m */ = {isa = PBXFileReference; fileEncoding = 4; lastKnownFileType = sourcecode.c.objc; path = "UIView+Frame.m"; sourceTree = "<group>"; };
/* End PBXFileReference section */

/* Begin PBXFrameworksBuildPhase section */
		A3AFF24F1FE15650005B80C2 /* Frameworks */ = {
			isa = PBXFrameworksBuildPhase;
			buildActionMask = 2147483647;
			files = (
				A3AFF26D1FE15673005B80C2 /* SceneKit.framework in Frameworks */,
			);
			runOnlyForDeploymentPostprocessing = 0;
		};
/* End PBXFrameworksBuildPhase section */

/* Begin PBXGroup section */
		A3AFF2491FE15650005B80C2 = {
			isa = PBXGroup;
			children = (
				A3B6BFEA1FE21A9500F8DD09 /* resource */,
				A3AFF2541FE15650005B80C2 /* SceneKitStudy */,
				A3AFF2531FE15650005B80C2 /* Products */,
				A3AFF26B1FE15673005B80C2 /* Frameworks */,
			);
			sourceTree = "<group>";
		};
		A3AFF2531FE15650005B80C2 /* Products */ = {
			isa = PBXGroup;
			children = (
				A3AFF2521FE15650005B80C2 /* SceneKitStudy.app */,
			);
			name = Products;
			sourceTree = "<group>";
		};
		A3AFF2541FE15650005B80C2 /* SceneKitStudy */ = {
			isa = PBXGroup;
			children = (
				A3AFF2551FE15650005B80C2 /* AppDelegate.h */,
				A3AFF2561FE15650005B80C2 /* AppDelegate.m */,
				A3AFF2581FE15650005B80C2 /* SceneKitViewController.h */,
				A3AFF2591FE15650005B80C2 /* SceneKitViewController.m */,
				A3B6BFF51FE21F7900F8DD09 /* Game */,
				A3AFF25E1FE15650005B80C2 /* Assets.xcassets */,
				A3AFF2601FE15650005B80C2 /* LaunchScreen.storyboard */,
				A3AFF2631FE15650005B80C2 /* Info.plist */,
				A3AFF2641FE15650005B80C2 /* main.m */,
			);
			path = SceneKitStudy;
			sourceTree = "<group>";
		};
		A3AFF26B1FE15673005B80C2 /* Frameworks */ = {
			isa = PBXGroup;
			children = (
				A3AFF26C1FE15673005B80C2 /* SceneKit.framework */,
			);
			name = Frameworks;
			sourceTree = "<group>";
		};
		A3B6BFF51FE21F7900F8DD09 /* Game */ = {
			isa = PBXGroup;
			children = (
				A3B6BFFD1FE2208000F8DD09 /* GameHeader.h */,
				A3B6BFFE1FE2225A00F8DD09 /* Util */,
				A3B6BFF61FE21F7900F8DD09 /* Handler */,
				A3B6BFF71FE21F7900F8DD09 /* Model */,
				A3B6BFF81FE21F7900F8DD09 /* UI */,
			);
			path = Game;
			sourceTree = "<group>";
		};
		A3B6BFF61FE21F7900F8DD09 /* Handler */ = {
			isa = PBXGroup;
			children = (
			);
			path = Handler;
			sourceTree = "<group>";
		};
		A3B6BFF71FE21F7900F8DD09 /* Model */ = {
			isa = PBXGroup;
			children = (
			);
			path = Model;
			sourceTree = "<group>";
		};
		A3B6BFF81FE21F7900F8DD09 /* UI */ = {
			isa = PBXGroup;
			children = (
				A3B6BFF91FE21F9B00F8DD09 /* GameSCNView.h */,
				A3B6BFFA1FE21F9B00F8DD09 /* GameSCNView.m */,
			);
			path = UI;
			sourceTree = "<group>";
		};
		A3B6BFFE1FE2225A00F8DD09 /* Util */ = {
			isa = PBXGroup;
			children = (
				A3B6BFFF1FE2225A00F8DD09 /* ImageUtil.h */,
				A3B6C0001FE2225A00F8DD09 /* ImageUtil.m */,
				A3B6C0011FE2225A00F8DD09 /* UIView+Frame.h */,
				A3B6C0021FE2225A00F8DD09 /* UIView+Frame.m */,
			);
			path = Util;
			sourceTree = "<group>";
		};
/* End PBXGroup section */

/* Begin PBXNativeTarget section */
		A3AFF2511FE15650005B80C2 /* SceneKitStudy */ = {
			isa = PBXNativeTarget;
			buildConfigurationList = A3AFF2681FE15650005B80C2 /* Build configuration list for PBXNativeTarget "SceneKitStudy" */;
			buildPhases = (
				A3AFF24E1FE15650005B80C2 /* Sources */,
				A3AFF24F1FE15650005B80C2 /* Frameworks */,
				A3AFF2501FE15650005B80C2 /* Resources */,
			);
			buildRules = (
			);
			dependencies = (
			);
			name = SceneKitStudy;
			productName = SceneKitStudy;
			productReference = A3AFF2521FE15650005B80C2 /* SceneKitStudy.app */;
			productType = "com.apple.product-type.application";
		};
/* End PBXNativeTarget section */

/* Begin PBXProject section */
		A3AFF24A1FE15650005B80C2 /* Project object */ = {
			isa = PBXProject;
			attributes = {
				LastUpgradeCheck = 0920;
				ORGANIZATIONNAME = tencent;
				TargetAttributes = {
					A3AFF2511FE15650005B80C2 = {
						CreatedOnToolsVersion = 9.2;
						ProvisioningStyle = Automatic;
					};
				};
			};
			buildConfigurationList = A3AFF24D1FE15650005B80C2 /* Build configuration list for PBXProject "SceneKitStudy" */;
			compatibilityVersion = "Xcode 8.0";
			developmentRegion = en;
			hasScannedForEncodings = 0;
			knownRegions = (
				en,
				Base,
			);
			mainGroup = A3AFF2491FE15650005B80C2;
			productRefGroup = A3AFF2531FE15650005B80C2 /* Products */;
			projectDirPath = "";
			projectRoot = "";
			targets = (
				A3AFF2511FE15650005B80C2 /* SceneKitStudy */,
			);
		};
/* End PBXProject section */

/* Begin PBXResourcesBuildPhase section */
		A3AFF2501FE15650005B80C2 /* Resources */ = {
			isa = PBXResourcesBuildPhase;
			buildActionMask = 2147483647;
			files = (
				A3AFF2621FE15650005B80C2 /* LaunchScreen.storyboard in Resources */,
				A3AFF25F1FE15650005B80C2 /* Assets.xcassets in Resources */,
				A3B6BFEB1FE21A9500F8DD09 /* resource in Resources */,
			);
			runOnlyForDeploymentPostprocessing = 0;
		};
/* End PBXResourcesBuildPhase section */

/* Begin PBXSourcesBuildPhase section */
		A3AFF24E1FE15650005B80C2 /* Sources */ = {
			isa = PBXSourcesBuildPhase;
			buildActionMask = 2147483647;
			files = (
				A3B6C0041FE2225A00F8DD09 /* UIView+Frame.m in Sources */,
				A3AFF25A1FE15650005B80C2 /* SceneKitViewController.m in Sources */,
				A3AFF2651FE15650005B80C2 /* main.m in Sources */,
				A3AFF2571FE15650005B80C2 /* AppDelegate.m in Sources */,
				A3B6BFFB1FE21F9B00F8DD09 /* GameSCNView.m in Sources */,
				A3B6C0031FE2225A00F8DD09 /* ImageUtil.m in Sources */,
			);
			runOnlyForDeploymentPostprocessing = 0;
		};
/* End PBXSourcesBuildPhase section */

/* Begin PBXVariantGroup section */
		A3AFF2601FE15650005B80C2 /* LaunchScreen.storyboard */ = {
			isa = PBXVariantGroup;
			children = (
				A3AFF2611FE15650005B80C2 /* Base */,
			);
			name = LaunchScreen.storyboard;
			sourceTree = "<group>";
		};
/* End PBXVariantGroup section */

/* Begin XCBuildConfiguration section */
		A3AFF2661FE15650005B80C2 /* Debug */ = {
			isa = XCBuildConfiguration;
			buildSettings = {
				ALWAYS_SEARCH_USER_PATHS = NO;
				CLANG_ANALYZER_NONNULL = YES;
				CLANG_ANALYZER_NUMBER_OBJECT_CONVERSION = YES_AGGRESSIVE;
				CLANG_CXX_LANGUAGE_STANDARD = "gnu++14";
				CLANG_CXX_LIBRARY = "libc++";
				CLANG_ENABLE_MODULES = YES;
				CLANG_ENABLE_OBJC_ARC = YES;
				CLANG_WARN_BLOCK_CAPTURE_AUTORELEASING = YES;
				CLANG_WARN_BOOL_CONVERSION = YES;
				CLANG_WARN_COMMA = YES;
				CLANG_WARN_CONSTANT_CONVERSION = YES;
				CLANG_WARN_DIRECT_OBJC_ISA_USAGE = YES_ERROR;
				CLANG_WARN_DOCUMENTATION_COMMENTS = YES;
				CLANG_WARN_EMPTY_BODY = YES;
				CLANG_WARN_ENUM_CONVERSION = YES;
				CLANG_WARN_INFINITE_RECURSION = YES;
				CLANG_WARN_INT_CONVERSION = YES;
				CLANG_WARN_NON_LITERAL_NULL_CONVERSION = YES;
				CLANG_WARN_OBJC_LITERAL_CONVERSION = YES;
				CLANG_WARN_OBJC_ROOT_CLASS = YES_ERROR;
				CLANG_WARN_RANGE_LOOP_ANALYSIS = YES;
				CLANG_WARN_STRICT_PROTOTYPES = YES;
				CLANG_WARN_SUSPICIOUS_MOVE = YES;
				CLANG_WARN_UNGUARDED_AVAILABILITY = YES_AGGRESSIVE;
				CLANG_WARN_UNREACHABLE_CODE = YES;
				CLANG_WARN__DUPLICATE_METHOD_MATCH = YES;
				CODE_SIGN_IDENTITY = "iPhone Developer";
				COPY_PHASE_STRIP = NO;
				DEBUG_INFORMATION_FORMAT = dwarf;
				ENABLE_STRICT_OBJC_MSGSEND = YES;
				ENABLE_TESTABILITY = YES;
				GCC_C_LANGUAGE_STANDARD = gnu11;
				GCC_DYNAMIC_NO_PIC = NO;
				GCC_NO_COMMON_BLOCKS = YES;
				GCC_OPTIMIZATION_LEVEL = 0;
				GCC_PREPROCESSOR_DEFINITIONS = (
					"DEBUG=1",
					"$(inherited)",
				);
				GCC_WARN_64_TO_32_BIT_CONVERSION = YES;
				GCC_WARN_ABOUT_RETURN_TYPE = YES_ERROR;
				GCC_WARN_UNDECLARED_SELECTOR = YES;
				GCC_WARN_UNINITIALIZED_AUTOS = YES_AGGRESSIVE;
				GCC_WARN_UNUSED_FUNCTION = YES;
				GCC_WARN_UNUSED_VARIABLE = YES;
				IPHONEOS_DEPLOYMENT_TARGET = 11.2;
				MTL_ENABLE_DEBUG_INFO = YES;
				ONLY_ACTIVE_ARCH = YES;
				SDKROOT = iphoneos;
			};
			name = Debug;
		};
		A3AFF2671FE15650005B80C2 /* Release */ = {
			isa = XCBuildConfiguration;
			buildSettings = {
				ALWAYS_SEARCH_USER_PATHS = NO;
				CLANG_ANALYZER_NONNULL = YES;
				CLANG_ANALYZER_NUMBER_OBJECT_CONVERSION = YES_AGGRESSIVE;
				CLANG_CXX_LANGUAGE_STANDARD = "gnu++14";
				CLANG_CXX_LIBRARY = "libc++";
				CLANG_ENABLE_MODULES = YES;
				CLANG_ENABLE_OBJC_ARC = YES;
				CLANG_WARN_BLOCK_CAPTURE_AUTORELEASING = YES;
				CLANG_WARN_BOOL_CONVERSION = YES;
				CLANG_WARN_COMMA = YES;
				CLANG_WARN_CONSTANT_CONVERSION = YES;
				CLANG_WARN_DIRECT_OBJC_ISA_USAGE = YES_ERROR;
				CLANG_WARN_DOCUMENTATION_COMMENTS = YES;
				CLANG_WARN_EMPTY_BODY = YES;
				CLANG_WARN_ENUM_CONVERSION = YES;
				CLANG_WARN_INFINITE_RECURSION = YES;
				CLANG_WARN_INT_CONVERSION = YES;
				CLANG_WARN_NON_LITERAL_NULL_CONVERSION = YES;
				CLANG_WARN_OBJC_LITERAL_CONVERSION = YES;
				CLANG_WARN_OBJC_ROOT_CLASS = YES_ERROR;
				CLANG_WARN_RANGE_LOOP_ANALYSIS = YES;
				CLANG_WARN_STRICT_PROTOTYPES = YES;
				CLANG_WARN_SUSPICIOUS_MOVE = YES;
				CLANG_WARN_UNGUARDED_AVAILABILITY = YES_AGGRESSIVE;
				CLANG_WARN_UNREACHABLE_CODE = YES;
				CLANG_WARN__DUPLICATE_METHOD_MATCH = YES;
				CODE_SIGN_IDENTITY = "iPhone Developer";
				COPY_PHASE_STRIP = NO;
				DEBUG_INFORMATION_FORMAT = "dwarf-with-dsym";
				ENABLE_NS_ASSERTIONS = NO;
				ENABLE_STRICT_OBJC_MSGSEND = YES;
				GCC_C_LANGUAGE_STANDARD = gnu11;
				GCC_NO_COMMON_BLOCKS = YES;
				GCC_WARN_64_TO_32_BIT_CONVERSION = YES;
				GCC_WARN_ABOUT_RETURN_TYPE = YES_ERROR;
				GCC_WARN_UNDECLARED_SELECTOR = YES;
				GCC_WARN_UNINITIALIZED_AUTOS = YES_AGGRESSIVE;
				GCC_WARN_UNUSED_FUNCTION = YES;
				GCC_WARN_UNUSED_VARIABLE = YES;
				IPHONEOS_DEPLOYMENT_TARGET = 11.2;
				MTL_ENABLE_DEBUG_INFO = NO;
				SDKROOT = iphoneos;
				VALIDATE_PRODUCT = YES;
			};
			name = Release;
		};
		A3AFF2691FE15650005B80C2 /* Debug */ = {
			isa = XCBuildConfiguration;
			buildSettings = {
				ASSETCATALOG_COMPILER_APPICON_NAME = AppIcon;
				CODE_SIGN_STYLE = Automatic;
				DEVELOPMENT_TEAM = 3HKMYZ3FVU;
				INFOPLIST_FILE = SceneKitStudy/Info.plist;
				LD_RUNPATH_SEARCH_PATHS = "$(inherited) @executable_path/Frameworks";
				PRODUCT_BUNDLE_IDENTIFIER = com.tencent.prince.SceneKitStudy;
				PRODUCT_NAME = "$(TARGET_NAME)";
				TARGETED_DEVICE_FAMILY = "1,2";
			};
			name = Debug;
		};
		A3AFF26A1FE15650005B80C2 /* Release */ = {
			isa = XCBuildConfiguration;
			buildSettings = {
				ASSETCATALOG_COMPILER_APPICON_NAME = AppIcon;
				CODE_SIGN_STYLE = Automatic;
				DEVELOPMENT_TEAM = 3HKMYZ3FVU;
				INFOPLIST_FILE = SceneKitStudy/Info.plist;
				LD_RUNPATH_SEARCH_PATHS = "$(inherited) @executable_path/Frameworks";
				PRODUCT_BUNDLE_IDENTIFIER = com.tencent.prince.SceneKitStudy;
				PRODUCT_NAME = "$(TARGET_NAME)";
				TARGETED_DEVICE_FAMILY = "1,2";
			};
			name = Release;
		};
/* End XCBuildConfiguration section */

/* Begin XCConfigurationList section */
		A3AFF24D1FE15650005B80C2 /* Build configuration list for PBXProject "SceneKitStudy" */ = {
			isa = XCConfigurationList;
			buildConfigurations = (
				A3AFF2661FE15650005B80C2 /* Debug */,
				A3AFF2671FE15650005B80C2 /* Release */,
			);
			defaultConfigurationIsVisible = 0;
			defaultConfigurationName = Release;
		};
		A3AFF2681FE15650005B80C2 /* Build configuration list for PBXNativeTarget "SceneKitStudy" */ = {
			isa = XCConfigurationList;
			buildConfigurations = (
				A3AFF2691FE15650005B80C2 /* Debug */,
				A3AFF26A1FE15650005B80C2 /* Release */,
			);
			defaultConfigurationIsVisible = 0;
			defaultConfigurationName = Release;
		};
/* End XCConfigurationList section */
	};
	rootObject = A3AFF24A1FE15650005B80C2 /* Project object */;
}
